// !$*UTF8*$!
{
	archiveVersion = 1;
	classes = {
	};
	objectVersion = 46;
	objects = {

/* Begin PBXBuildFile section */
		875090D31F64D520006637BB /* AppDelegate.swift in Sources */ = {isa = PBXBuildFile; fileRef = 875090D21F64D520006637BB /* AppDelegate.swift */; };
		875090D51F64D520006637BB /* ViewController.swift in Sources */ = {isa = PBXBuildFile; fileRef = 875090D41F64D520006637BB /* ViewController.swift */; };
		875090D81F64D520006637BB /* Main.storyboard in Resources */ = {isa = PBXBuildFile; fileRef = 875090D61F64D520006637BB /* Main.storyboard */; };
		875090DB1F64D520006637BB /* Project_4___Camera.xcdatamodeld in Sources */ = {isa = PBXBuildFile; fileRef = 875090D91F64D520006637BB /* Project_4___Camera.xcdatamodeld */; };
		875090DD1F64D520006637BB /* Assets.xcassets in Resources */ = {isa = PBXBuildFile; fileRef = 875090DC1F64D520006637BB /* Assets.xcassets */; };
		875090E01F64D520006637BB /* LaunchScreen.storyboard in Resources */ = {isa = PBXBuildFile; fileRef = 875090DE1F64D520006637BB /* LaunchScreen.storyboard */; };
		875090E81F64EA16006637BB /* Pagani Huayra.jpg in Resources */ = {isa = PBXBuildFile; fileRef = 875090E71F64EA16006637BB /* Pagani Huayra.jpg */; };
		875090EA1F64EC66006637BB /* ArtViewController.swift in Sources */ = {isa = PBXBuildFile; fileRef = 875090E91F64EC66006637BB /* ArtViewController.swift */; };
/* End PBXBuildFile section */

/* Begin PBXFileReference section */
		875090CF1F64D520006637BB /* Project 4 - Camera.app */ = {isa = PBXFileReference; explicitFileType = wrapper.application; includeInIndex = 0; path = "Project 4 - Camera.app"; sourceTree = BUILT_PRODUCTS_DIR; };
		875090D21F64D520006637BB /* AppDelegate.swift */ = {isa = PBXFileReference; lastKnownFileType = sourcecode.swift; path = AppDelegate.swift; sourceTree = "<group>"; };
		875090D41F64D520006637BB /* ViewController.swift */ = {isa = PBXFileReference; lastKnownFileType = sourcecode.swift; path = ViewController.swift; sourceTree = "<group>"; };
		875090D71F64D520006637BB /* Base */ = {isa = PBXFileReference; lastKnownFileType = file.storyboard; name = Base; path = Base.lproj/Main.storyboard; sourceTree = "<group>"; };
		875090DA1F64D520006637BB /* Project_4___Camera.xcdatamodel */ = {isa = PBXFileReference; lastKnownFileType = wrapper.xcdatamodel; path = "Project_4___Camera.xcdatamodel"; sourceTree = "<group>"; };
		875090DC1F64D520006637BB /* Assets.xcassets */ = {isa = PBXFileReference; lastKnownFileType = folder.assetcatalog; path = Assets.xcassets; sourceTree = "<group>"; };
		875090DF1F64D520006637BB /* Base */ = {isa = PBXFileReference; lastKnownFileType = file.storyboard; name = Base; path = Base.lproj/LaunchScreen.storyboard; sourceTree = "<group>"; };
		875090E11F64D520006637BB /* Info.plist */ = {isa = PBXFileReference; lastKnownFileType = text.plist.xml; path = Info.plist; sourceTree = "<group>"; };
		875090E71F64EA16006637BB /* Pagani Huayra.jpg */ = {isa = PBXFileReference; lastKnownFileType = image.jpeg; path = "Pagani Huayra.jpg"; sourceTree = "<group>"; };
		875090E91F64EC66006637BB /* ArtViewController.swift */ = {isa = PBXFileReference; fileEncoding = 4; lastKnownFileType = sourcecode.swift; path = ArtViewController.swift; sourceTree = "<group>"; };
/* End PBXFileReference section */

/* Begin PBXFrameworksBuildPhase section */
		875090CC1F64D520006637BB /* Frameworks */ = {
			isa = PBXFrameworksBuildPhase;
			buildActionMask = 2147483647;
			files = (
			);
			runOnlyForDeploymentPostprocessing = 0;
		};
/* End PBXFrameworksBuildPhase section */

/* Begin PBXGroup section */
		875090C61F64D520006637BB = {
			isa = PBXGroup;
			children = (
				875090D11F64D520006637BB /* Project 4 - Camera */,
				875090D01F64D520006637BB /* Products */,
			);
			sourceTree = "<group>";
		};
		875090D01F64D520006637BB /* Products */ = {
			isa = PBXGroup;
			children = (
				875090CF1F64D520006637BB /* Project 4 - Camera.app */,
			);
			name = Products;
			sourceTree = "<group>";
		};
		875090D11F64D520006637BB /* Project 4 - Camera */ = {
			isa = PBXGroup;
			children = (
				875090E71F64EA16006637BB /* Pagani Huayra.jpg */,
				875090D21F64D520006637BB /* AppDelegate.swift */,
				875090D41F64D520006637BB /* ViewController.swift */,
				875090E91F64EC66006637BB /* ArtViewController.swift */,
				875090D61F64D520006637BB /* Main.storyboard */,
				875090DC1F64D520006637BB /* Assets.xcassets */,
				875090DE1F64D520006637BB /* LaunchScreen.storyboard */,
				875090E11F64D520006637BB /* Info.plist */,
				875090D91F64D520006637BB /* Project_4___Camera.xcdatamodeld */,
			);
			path = "Project 4 - Camera";
			sourceTree = "<group>";
		};
/* End PBXGroup section */

/* Begin PBXNativeTarget section */
		875090CE1F64D520006637BB /* Project 4 - Camera */ = {
			isa = PBXNativeTarget;
			buildConfigurationList = 875090E41F64D520006637BB /* Build configuration list for PBXNativeTarget "Project 4 - Camera" */;
			buildPhases = (
				875090CB1F64D520006637BB /* Sources */,
				875090CC1F64D520006637BB /* Frameworks */,
				875090CD1F64D520006637BB /* Resources */,
			);
			buildRules = (
			);
			dependencies = (
			);
			name = "Project 4 - Camera";
			productName = "Project 4 - Camera";
			productReference = 875090CF1F64D520006637BB /* Project 4 - Camera.app */;
			productType = "com.apple.product-type.application";
		};
/* End PBXNativeTarget section */

/* Begin PBXProject section */
		875090C71F64D520006637BB /* Project object */ = {
			isa = PBXProject;
			attributes = {
				LastSwiftUpdateCheck = 0830;
				LastUpgradeCheck = 0830;
				ORGANIZATIONNAME = PrinceYiCoding;
				TargetAttributes = {
					875090CE1F64D520006637BB = {
						CreatedOnToolsVersion = 8.3.3;
						ProvisioningStyle = Automatic;
					};
				};
			};
			buildConfigurationList = 875090CA1F64D520006637BB /* Build configuration list for PBXProject "Project 4 - Camera" */;
			compatibilityVersion = "Xcode 3.2";
			developmentRegion = English;
			hasScannedForEncodings = 0;
			knownRegions = (
				en,
				Base,
			);
			mainGroup = 875090C61F64D520006637BB;
			productRefGroup = 875090D01F64D520006637BB /* Products */;
			projectDirPath = "";
			projectRoot = "";
			targets = (
				875090CE1F64D520006637BB /* Project 4 - Camera */,
			);
		};
/* End PBXProject section */

/* Begin PBXResourcesBuildPhase section */
		875090CD1F64D520006637BB /* Resources */ = {
			isa = PBXResourcesBuildPhase;
			buildActionMask = 2147483647;
			files = (
				875090E01F64D520006637BB /* LaunchScreen.storyboard in Resources */,
				875090DD1F64D520006637BB /* Assets.xcassets in Resources */,
				875090E81F64EA16006637BB /* Pagani Huayra.jpg in Resources */,
				875090D81F64D520006637BB /* Main.storyboard in Resources */,
			);
			runOnlyForDeploymentPostprocessing = 0;
		};
/* End PBXResourcesBuildPhase section */

/* Begin PBXSourcesBuildPhase section */
		875090CB1F64D520006637BB /* Sources */ = {
			isa = PBXSourcesBuildPhase;
			buildActionMask = 2147483647;
			files = (
				875090EA1F64EC66006637BB /* ArtViewController.swift in Sources */,
				875090DB1F64D520006637BB /* Project_4___Camera.xcdatamodeld in Sources */,
				875090D51F64D520006637BB /* ViewController.swift in Sources */,
				875090D31F64D520006637BB /* AppDelegate.swift in Sources */,
			);
			runOnlyForDeploymentPostprocessing = 0;
		};
/* End PBXSourcesBuildPhase section */

/* Begin PBXVariantGroup section */
		875090D61F64D520006637BB /* Main.storyboard */ = {
			isa = PBXVariantGroup;
			children = (
				875090D71F64D520006637BB /* Base */,
			);
			name = Main.storyboard;
			sourceTree = "<group>";
		};
		875090DE1F64D520006637BB /* LaunchScreen.storyboard */ = {
			isa = PBXVariantGroup;
			children = (
				875090DF1F64D520006637BB /* Base */,
			);
			name = LaunchScreen.storyboard;
			sourceTree = "<group>";
		};
/* End PBXVariantGroup section */

/* Begin XCBuildConfiguration section */
		875090E21F64D520006637BB /* Debug */ = {
			isa = XCBuildConfiguration;
			buildSettings = {
				ALWAYS_SEARCH_USER_PATHS = NO;
				CLANG_ANALYZER_NONNULL = YES;
				CLANG_ANALYZER_NUMBER_OBJECT_CONVERSION = YES_AGGRESSIVE;
				CLANG_CXX_LANGUAGE_STANDARD = "gnu++0x";
				CLANG_CXX_LIBRARY = "libc++";
				CLANG_ENABLE_MODULES = YES;
				CLANG_ENABLE_OBJC_ARC = YES;
				CLANG_WARN_BOOL_CONVERSION = YES;
				CLANG_WARN_CONSTANT_CONVERSION = YES;
				CLANG_WARN_DIRECT_OBJC_ISA_USAGE = YES_ERROR;
				CLANG_WARN_DOCUMENTATION_COMMENTS = YES;
				CLANG_WARN_EMPTY_BODY = YES;
				CLANG_WARN_ENUM_CONVERSION = YES;
				CLANG_WARN_INFINITE_RECURSION = YES;
				CLANG_WARN_INT_CONVERSION = YES;
				CLANG_WARN_OBJC_ROOT_CLASS = YES_ERROR;
				CLANG_WARN_SUSPICIOUS_MOVE = YES;
				CLANG_WARN_UNREACHABLE_CODE = YES;
				CLANG_WARN__DUPLICATE_METHOD_MATCH = YES;
				"CODE_SIGN_IDENTITY[sdk=iphoneos*]" = "iPhone Developer";
				COPY_PHASE_STRIP = NO;
				DEBUG_INFORMATION_FORMAT = dwarf;
				ENABLE_STRICT_OBJC_MSGSEND = YES;
				ENABLE_TESTABILITY = YES;
				GCC_C_LANGUAGE_STANDARD = gnu99;
				GCC_DYNAMIC_NO_PIC = NO;
				GCC_NO_COMMON_BLOCKS = YES;
				GCC_OPTIMIZATION_LEVEL = 0;
				GCC_PREPROCESSOR_DEFINITIONS = (
					"DEBUG=1",
					"$(inherited)",
				);
				GCC_WARN_64_TO_32_BIT_CONVERSION = YES;
				GCC_WARN_ABOUT_RETURN_TYPE = YES_ERROR;
				GCC_WARN_UNDECLARED_SELECTOR = YES;
				GCC_WARN_UNINITIALIZED_AUTOS = YES_AGGRESSIVE;
				GCC_WARN_UNUSED_FUNCTION = YES;
				GCC_WARN_UNUSED_VARIABLE = YES;
				IPHONEOS_DEPLOYMENT_TARGET = 10.3;
				MTL_ENABLE_DEBUG_INFO = YES;
				ONLY_ACTIVE_ARCH = YES;
				SDKROOT = iphoneos;
				SWIFT_ACTIVE_COMPILATION_CONDITIONS = DEBUG;
				SWIFT_OPTIMIZATION_LEVEL = "-Onone";
				TARGETED_DEVICE_FAMILY = "1,2";
			};
			name = Debug;
		};
		875090E31F64D520006637BB /* Release */ = {
			isa = XCBuildConfiguration;
			buildSettings = {
				ALWAYS_SEARCH_USER_PATHS = NO;
				CLANG_ANALYZER_NONNULL = YES;
				CLANG_ANALYZER_NUMBER_OBJECT_CONVERSION = YES_AGGRESSIVE;
				CLANG_CXX_LANGUAGE_STANDARD = "gnu++0x";
				CLANG_CXX_LIBRARY = "libc++";
				CLANG_ENABLE_MODULES = YES;
				CLANG_ENABLE_OBJC_ARC = YES;
				CLANG_WARN_BOOL_CONVERSION = YES;
				CLANG_WARN_CONSTANT_CONVERSION = YES;
				CLANG_WARN_DIRECT_OBJC_ISA_USAGE = YES_ERROR;
				CLANG_WARN_DOCUMENTATION_COMMENTS = YES;
				CLANG_WARN_EMPTY_BODY = YES;
				CLANG_WARN_ENUM_CONVERSION = YES;
				CLANG_WARN_INFINITE_RECURSION = YES;
				CLANG_WARN_INT_CONVERSION = YES;
				CLANG_WARN_OBJC_ROOT_CLASS = YES_ERROR;
				CLANG_WARN_SUSPICIOUS_MOVE = YES;
				CLANG_WARN_UNREACHABLE_CODE = YES;
				CLANG_WARN__DUPLICATE_METHOD_MATCH = YES;
				"CODE_SIGN_IDENTITY[sdk=iphoneos*]" = "iPhone Developer";
				COPY_PHASE_STRIP = NO;
				DEBUG_INFORMATION_FORMAT = "dwarf-with-dsym";
				ENABLE_NS_ASSERTIONS = NO;
				ENABLE_STRICT_OBJC_MSGSEND = YES;
				GCC_C_LANGUAGE_STANDARD = gnu99;
				GCC_NO_COMMON_BLOCKS = YES;
				GCC_WARN_64_TO_32_BIT_CONVERSION = YES;
				GCC_WARN_ABOUT_RETURN_TYPE = YES_ERROR;
				GCC_WARN_UNDECLARED_SELECTOR = YES;
				GCC_WARN_UNINITIALIZED_AUTOS = YES_AGGRESSIVE;
				GCC_WARN_UNUSED_FUNCTION = YES;
				GCC_WARN_UNUSED_VARIABLE = YES;
				IPHONEOS_DEPLOYMENT_TARGET = 10.3;
				MTL_ENABLE_DEBUG_INFO = NO;
				SDKROOT = iphoneos;
				SWIFT_OPTIMIZATION_LEVEL = "-Owholemodule";
				TARGETED_DEVICE_FAMILY = "1,2";
				VALIDATE_PRODUCT = YES;
			};
			name = Release;
		};
		875090E51F64D520006637BB /* Debug */ = {
			isa = XCBuildConfiguration;
			buildSettings = {
				ASSETCATALOG_COMPILER_APPICON_NAME = AppIcon;
				INFOPLIST_FILE = "Project 4 - Camera/Info.plist";
				LD_RUNPATH_SEARCH_PATHS = "$(inherited) @executable_path/Frameworks";
				PRODUCT_BUNDLE_IDENTIFIER = "com.princeyicoding.Project-4---Camera";
				PRODUCT_NAME = "$(TARGET_NAME)";
				SWIFT_VERSION = 3.0;
			};
			name = Debug;
		};
		875090E61F64D520006637BB /* Release */ = {
			isa = XCBuildConfiguration;
			buildSettings = {
				ASSETCATALOG_COMPILER_APPICON_NAME = AppIcon;
				INFOPLIST_FILE = "Project 4 - Camera/Info.plist";
				LD_RUNPATH_SEARCH_PATHS = "$(inherited) @executable_path/Frameworks";
				PRODUCT_BUNDLE_IDENTIFIER = "com.princeyicoding.Project-4---Camera";
				PRODUCT_NAME = "$(TARGET_NAME)";
				SWIFT_VERSION = 3.0;
			};
			name = Release;
		};
/* End XCBuildConfiguration section */

/* Begin XCConfigurationList section */
		875090CA1F64D520006637BB /* Build configuration list for PBXProject "Project 4 - Camera" */ = {
			isa = XCConfigurationList;
			buildConfigurations = (
				875090E21F64D520006637BB /* Debug */,
				875090E31F64D520006637BB /* Release */,
			);
			defaultConfigurationIsVisible = 0;
			defaultConfigurationName = Release;
		};
		875090E41F64D520006637BB /* Build configuration list for PBXNativeTarget "Project 4 - Camera" */ = {
			isa = XCConfigurationList;
			buildConfigurations = (
				875090E51F64D520006637BB /* Debug */,
				875090E61F64D520006637BB /* Release */,
			);
			defaultConfigurationIsVisible = 0;
		};
/* End XCConfigurationList section */

/* Begin XCVersionGroup section */
		875090D91F64D520006637BB /* Project_4___Camera.xcdatamodeld */ = {
			isa = XCVersionGroup;
			children = (
				875090DA1F64D520006637BB /* Project_4___Camera.xcdatamodel */,
			);
			currentVersion = 875090DA1F64D520006637BB /* Project_4___Camera.xcdatamodel */;
			path = "Project_4___Camera.xcdatamodeld";
			sourceTree = "<group>";
			versionGroupType = wrapper.xcdatamodel;
		};
/* End XCVersionGroup section */
	};
	rootObject = 875090C71F64D520006637BB /* Project object */;
}
